// !$*UTF8*$!
{
	archiveVersion = 1;
	classes = {
	};
	objectVersion = 46;
	objects = {

/* Begin PBXBuildFile section */
		DB63661F1D6B34CD00D01DD9 /* AppDelegate.swift in Sources */ = {isa = PBXBuildFile; fileRef = DB63661E1D6B34CD00D01DD9 /* AppDelegate.swift */; };
		DB6366211D6B34CD00D01DD9 /* ViewController.swift in Sources */ = {isa = PBXBuildFile; fileRef = DB6366201D6B34CD00D01DD9 /* ViewController.swift */; };
		DB6366241D6B34CD00D01DD9 /* Main.storyboard in Resources */ = {isa = PBXBuildFile; fileRef = DB6366221D6B34CD00D01DD9 /* Main.storyboard */; };
		DB6366261D6B34CE00D01DD9 /* Assets.xcassets in Resources */ = {isa = PBXBuildFile; fileRef = DB6366251D6B34CE00D01DD9 /* Assets.xcassets */; };
		DB6366291D6B34CE00D01DD9 /* LaunchScreen.storyboard in Resources */ = {isa = PBXBuildFile; fileRef = DB6366271D6B34CE00D01DD9 /* LaunchScreen.storyboard */; };
		DB6366341D6B35DD00D01DD9 /* SortAlgorithms.swift in Sources */ = {isa = PBXBuildFile; fileRef = DB6366331D6B35DD00D01DD9 /* SortAlgorithms.swift */; };
/* End PBXBuildFile section */

/* Begin PBXFileReference section */
		DB63661B1D6B34CD00D01DD9 /* AllKindsOfAlgorithms.app */ = {isa = PBXFileReference; explicitFileType = wrapper.application; includeInIndex = 0; path = AllKindsOfAlgorithms.app; sourceTree = BUILT_PRODUCTS_DIR; };
		DB63661E1D6B34CD00D01DD9 /* AppDelegate.swift */ = {isa = PBXFileReference; lastKnownFileType = sourcecode.swift; path = AppDelegate.swift; sourceTree = "<group>"; };
		DB6366201D6B34CD00D01DD9 /* ViewController.swift */ = {isa = PBXFileReference; lastKnownFileType = sourcecode.swift; path = ViewController.swift; sourceTree = "<group>"; };
		DB6366231D6B34CD00D01DD9 /* Base */ = {isa = PBXFileReference; lastKnownFileType = file.storyboard; name = Base; path = Base.lproj/Main.storyboard; sourceTree = "<group>"; };
		DB6366251D6B34CE00D01DD9 /* Assets.xcassets */ = {isa = PBXFileReference; lastKnownFileType = folder.assetcatalog; path = Assets.xcassets; sourceTree = "<group>"; };
		DB6366281D6B34CE00D01DD9 /* Base */ = {isa = PBXFileReference; lastKnownFileType = file.storyboard; name = Base; path = Base.lproj/LaunchScreen.storyboard; sourceTree = "<group>"; };
		DB63662A1D6B34CE00D01DD9 /* Info.plist */ = {isa = PBXFileReference; lastKnownFileType = text.plist.xml; path = Info.plist; sourceTree = "<group>"; };
		DB6366331D6B35DD00D01DD9 /* SortAlgorithms.swift */ = {isa = PBXFileReference; fileEncoding = 4; lastKnownFileType = sourcecode.swift; path = SortAlgorithms.swift; sourceTree = "<group>"; };
/* End PBXFileReference section */

/* Begin PBXFrameworksBuildPhase section */
		DB6366181D6B34CD00D01DD9 /* Frameworks */ = {
			isa = PBXFrameworksBuildPhase;
			buildActionMask = 2147483647;
			files = (
			);
			runOnlyForDeploymentPostprocessing = 0;
		};
/* End PBXFrameworksBuildPhase section */

/* Begin PBXGroup section */
		DB6366121D6B34CD00D01DD9 = {
			isa = PBXGroup;
			children = (
				DB63661D1D6B34CD00D01DD9 /* AllKindsOfAlgorithms */,
				DB63661C1D6B34CD00D01DD9 /* Products */,
			);
			sourceTree = "<group>";
		};
		DB63661C1D6B34CD00D01DD9 /* Products */ = {
			isa = PBXGroup;
			children = (
				DB63661B1D6B34CD00D01DD9 /* AllKindsOfAlgorithms.app */,
			);
			name = Products;
			sourceTree = "<group>";
		};
		DB63661D1D6B34CD00D01DD9 /* AllKindsOfAlgorithms */ = {
			isa = PBXGroup;
			children = (
				DB6366321D6B357F00D01DD9 /* VIew */,
				DB6366311D6B355C00D01DD9 /* Controller */,
				DB6366301D6B354600D01DD9 /* Model */,
				DB6366251D6B34CE00D01DD9 /* Assets.xcassets */,
				DB63661E1D6B34CD00D01DD9 /* AppDelegate.swift */,
				DB6366271D6B34CE00D01DD9 /* LaunchScreen.storyboard */,
				DB63662A1D6B34CE00D01DD9 /* Info.plist */,
			);
			path = AllKindsOfAlgorithms;
			sourceTree = "<group>";
		};
		DB6366301D6B354600D01DD9 /* Model */ = {
			isa = PBXGroup;
			children = (
				DB6366331D6B35DD00D01DD9 /* SortAlgorithms.swift */,
			);
			name = Model;
			sourceTree = "<group>";
		};
		DB6366311D6B355C00D01DD9 /* Controller */ = {
			isa = PBXGroup;
			children = (
				DB6366201D6B34CD00D01DD9 /* ViewController.swift */,
			);
			name = Controller;
			sourceTree = "<group>";
		};
		DB6366321D6B357F00D01DD9 /* VIew */ = {
			isa = PBXGroup;
			children = (
				DB6366221D6B34CD00D01DD9 /* Main.storyboard */,
			);
			name = VIew;
			sourceTree = "<group>";
		};
/* End PBXGroup section */

/* Begin PBXNativeTarget section */
		DB63661A1D6B34CD00D01DD9 /* AllKindsOfAlgorithms */ = {
			isa = PBXNativeTarget;
			buildConfigurationList = DB63662D1D6B34CE00D01DD9 /* Build configuration list for PBXNativeTarget "AllKindsOfAlgorithms" */;
			buildPhases = (
				DB6366171D6B34CD00D01DD9 /* Sources */,
				DB6366181D6B34CD00D01DD9 /* Frameworks */,
				DB6366191D6B34CD00D01DD9 /* Resources */,
			);
			buildRules = (
			);
			dependencies = (
			);
			name = AllKindsOfAlgorithms;
			productName = AllKindsOfAlgorithms;
			productReference = DB63661B1D6B34CD00D01DD9 /* AllKindsOfAlgorithms.app */;
			productType = "com.apple.product-type.application";
		};
/* End PBXNativeTarget section */

/* Begin PBXProject section */
		DB6366131D6B34CD00D01DD9 /* Project object */ = {
			isa = PBXProject;
			attributes = {
				LastSwiftUpdateCheck = 0730;
				LastUpgradeCheck = 0730;
				ORGANIZATIONNAME = Levi;
				TargetAttributes = {
					DB63661A1D6B34CD00D01DD9 = {
						CreatedOnToolsVersion = 7.3.1;
						DevelopmentTeam = MXAK6NMK6U;
					};
				};
			};
			buildConfigurationList = DB6366161D6B34CD00D01DD9 /* Build configuration list for PBXProject "AllKindsOfAlgorithms" */;
			compatibilityVersion = "Xcode 3.2";
			developmentRegion = English;
			hasScannedForEncodings = 0;
			knownRegions = (
				en,
				Base,
			);
			mainGroup = DB6366121D6B34CD00D01DD9;
			productRefGroup = DB63661C1D6B34CD00D01DD9 /* Products */;
			projectDirPath = "";
			projectRoot = "";
			targets = (
				DB63661A1D6B34CD00D01DD9 /* AllKindsOfAlgorithms */,
			);
		};
/* End PBXProject section */

/* Begin PBXResourcesBuildPhase section */
		DB6366191D6B34CD00D01DD9 /* Resources */ = {
			isa = PBXResourcesBuildPhase;
			buildActionMask = 2147483647;
			files = (
				DB6366291D6B34CE00D01DD9 /* LaunchScreen.storyboard in Resources */,
				DB6366261D6B34CE00D01DD9 /* Assets.xcassets in Resources */,
				DB6366241D6B34CD00D01DD9 /* Main.storyboard in Resources */,
			);
			runOnlyForDeploymentPostprocessing = 0;
		};
/* End PBXResourcesBuildPhase section */

/* Begin PBXSourcesBuildPhase section */
		DB6366171D6B34CD00D01DD9 /* Sources */ = {
			isa = PBXSourcesBuildPhase;
			buildActionMask = 2147483647;
			files = (
				DB6366211D6B34CD00D01DD9 /* ViewController.swift in Sources */,
				DB6366341D6B35DD00D01DD9 /* SortAlgorithms.swift in Sources */,
				DB63661F1D6B34CD00D01DD9 /* AppDelegate.swift in Sources */,
			);
			runOnlyForDeploymentPostprocessing = 0;
		};
/* End PBXSourcesBuildPhase section */

/* Begin PBXVariantGroup section */
		DB6366221D6B34CD00D01DD9 /* Main.storyboard */ = {
			isa = PBXVariantGroup;
			children = (
				DB6366231D6B34CD00D01DD9 /* Base */,
			);
			name = Main.storyboard;
			sourceTree = "<group>";
		};
		DB6366271D6B34CE00D01DD9 /* LaunchScreen.storyboard */ = {
			isa = PBXVariantGroup;
			children = (
				DB6366281D6B34CE00D01DD9 /* Base */,
			);
			name = LaunchScreen.storyboard;
			sourceTree = "<group>";
		};
/* End PBXVariantGroup section */

/* Begin XCBuildConfiguration section */
		DB63662B1D6B34CE00D01DD9 /* Debug */ = {
			isa = XCBuildConfiguration;
			buildSettings = {
				ALWAYS_SEARCH_USER_PATHS = NO;
				CLANG_ANALYZER_NONNULL = YES;
				CLANG_CXX_LANGUAGE_STANDARD = "gnu++0x";
				CLANG_CXX_LIBRARY = "libc++";
				CLANG_ENABLE_MODULES = YES;
				CLANG_ENABLE_OBJC_ARC = YES;
				CLANG_WARN_BOOL_CONVERSION = YES;
				CLANG_WARN_CONSTANT_CONVERSION = YES;
				CLANG_WARN_DIRECT_OBJC_ISA_USAGE = YES_ERROR;
				CLANG_WARN_EMPTY_BODY = YES;
				CLANG_WARN_ENUM_CONVERSION = YES;
				CLANG_WARN_INT_CONVERSION = YES;
				CLANG_WARN_OBJC_ROOT_CLASS = YES_ERROR;
				CLANG_WARN_UNREACHABLE_CODE = YES;
				CLANG_WARN__DUPLICATE_METHOD_MATCH = YES;
				"CODE_SIGN_IDENTITY[sdk=iphoneos*]" = "iPhone Developer";
				COPY_PHASE_STRIP = NO;
				DEBUG_INFORMATION_FORMAT = dwarf;
				ENABLE_STRICT_OBJC_MSGSEND = YES;
				ENABLE_TESTABILITY = YES;
				GCC_C_LANGUAGE_STANDARD = gnu99;
				GCC_DYNAMIC_NO_PIC = NO;
				GCC_NO_COMMON_BLOCKS = YES;
				GCC_OPTIMIZATION_LEVEL = 0;
				GCC_PREPROCESSOR_DEFINITIONS = (
					"DEBUG=1",
					"$(inherited)",
				);
				GCC_WARN_64_TO_32_BIT_CONVERSION = YES;
				GCC_WARN_ABOUT_RETURN_TYPE = YES_ERROR;
				GCC_WARN_UNDECLARED_SELECTOR = YES;
				GCC_WARN_UNINITIALIZED_AUTOS = YES_AGGRESSIVE;
				GCC_WARN_UNUSED_FUNCTION = YES;
				GCC_WARN_UNUSED_VARIABLE = YES;
				IPHONEOS_DEPLOYMENT_TARGET = 9.3;
				MTL_ENABLE_DEBUG_INFO = YES;
				ONLY_ACTIVE_ARCH = YES;
				SDKROOT = iphoneos;
				SWIFT_OPTIMIZATION_LEVEL = "-Onone";
				TARGETED_DEVICE_FAMILY = "1,2";
			};
			name = Debug;
		};
		DB63662C1D6B34CE00D01DD9 /* Release */ = {
			isa = XCBuildConfiguration;
			buildSettings = {
				ALWAYS_SEARCH_USER_PATHS = NO;
				CLANG_ANALYZER_NONNULL = YES;
				CLANG_CXX_LANGUAGE_STANDARD = "gnu++0x";
				CLANG_CXX_LIBRARY = "libc++";
				CLANG_ENABLE_MODULES = YES;
				CLANG_ENABLE_OBJC_ARC = YES;
				CLANG_WARN_BOOL_CONVERSION = YES;
				CLANG_WARN_CONSTANT_CONVERSION = YES;
				CLANG_WARN_DIRECT_OBJC_ISA_USAGE = YES_ERROR;
				CLANG_WARN_EMPTY_BODY = YES;
				CLANG_WARN_ENUM_CONVERSION = YES;
				CLANG_WARN_INT_CONVERSION = YES;
				CLANG_WARN_OBJC_ROOT_CLASS = YES_ERROR;
				CLANG_WARN_UNREACHABLE_CODE = YES;
				CLANG_WARN__DUPLICATE_METHOD_MATCH = YES;
				"CODE_SIGN_IDENTITY[sdk=iphoneos*]" = "iPhone Developer";
				COPY_PHASE_STRIP = NO;
				DEBUG_INFORMATION_FORMAT = "dwarf-with-dsym";
				ENABLE_NS_ASSERTIONS = NO;
				ENABLE_STRICT_OBJC_MSGSEND = YES;
				GCC_C_LANGUAGE_STANDARD = gnu99;
				GCC_NO_COMMON_BLOCKS = YES;
				GCC_WARN_64_TO_32_BIT_CONVERSION = YES;
				GCC_WARN_ABOUT_RETURN_TYPE = YES_ERROR;
				GCC_WARN_UNDECLARED_SELECTOR = YES;
				GCC_WARN_UNINITIALIZED_AUTOS = YES_AGGRESSIVE;
				GCC_WARN_UNUSED_FUNCTION = YES;
				GCC_WARN_UNUSED_VARIABLE = YES;
				IPHONEOS_DEPLOYMENT_TARGET = 9.3;
				MTL_ENABLE_DEBUG_INFO = NO;
				SDKROOT = iphoneos;
				TARGETED_DEVICE_FAMILY = "1,2";
				VALIDATE_PRODUCT = YES;
			};
			name = Release;
		};
		DB63662E1D6B34CE00D01DD9 /* Debug */ = {
			isa = XCBuildConfiguration;
			buildSettings = {
				ASSETCATALOG_COMPILER_APPICON_NAME = AppIcon;
				INFOPLIST_FILE = AllKindsOfAlgorithms/Info.plist;
				LD_RUNPATH_SEARCH_PATHS = "$(inherited) @executable_path/Frameworks";
				PRODUCT_BUNDLE_IDENTIFIER = Ant.AllKindsOfAlgorithms;
				PRODUCT_NAME = "$(TARGET_NAME)";
			};
			name = Debug;
		};
		DB63662F1D6B34CE00D01DD9 /* Release */ = {
			isa = XCBuildConfiguration;
			buildSettings = {
				ASSETCATALOG_COMPILER_APPICON_NAME = AppIcon;
				INFOPLIST_FILE = AllKindsOfAlgorithms/Info.plist;
				LD_RUNPATH_SEARCH_PATHS = "$(inherited) @executable_path/Frameworks";
				PRODUCT_BUNDLE_IDENTIFIER = Ant.AllKindsOfAlgorithms;
				PRODUCT_NAME = "$(TARGET_NAME)";
			};
			name = Release;
		};
/* End XCBuildConfiguration section */

/* Begin XCConfigurationList section */
		DB6366161D6B34CD00D01DD9 /* Build configuration list for PBXProject "AllKindsOfAlgorithms" */ = {
			isa = XCConfigurationList;
			buildConfigurations = (
				DB63662B1D6B34CE00D01DD9 /* Debug */,
				DB63662C1D6B34CE00D01DD9 /* Release */,
			);
			defaultConfigurationIsVisible = 0;
			defaultConfigurationName = Release;
		};
		DB63662D1D6B34CE00D01DD9 /* Build configuration list for PBXNativeTarget "AllKindsOfAlgorithms" */ = {
			isa = XCConfigurationList;
			buildConfigurations = (
				DB63662E1D6B34CE00D01DD9 /* Debug */,
				DB63662F1D6B34CE00D01DD9 /* Release */,
			);
			defaultConfigurationIsVisible = 0;
		};
/* End XCConfigurationList section */
	};
	rootObject = DB6366131D6B34CD00D01DD9 /* Project object */;
}
