// !$*UTF8*$!
{
	archiveVersion = 1;
	classes = {
	};
	objectVersion = 46;
	objects = {

/* Begin PBXBuildFile section */
		DB24CA2C1D6C7DFD0001B211 /* AppDelegate.swift in Sources */ = {isa = PBXBuildFile; fileRef = DB24CA2B1D6C7DFD0001B211 /* AppDelegate.swift */; };
		DB24CA2E1D6C7DFD0001B211 /* ViewController.swift in Sources */ = {isa = PBXBuildFile; fileRef = DB24CA2D1D6C7DFD0001B211 /* ViewController.swift */; };
		DB24CA311D6C7DFD0001B211 /* Main.storyboard in Resources */ = {isa = PBXBuildFile; fileRef = DB24CA2F1D6C7DFD0001B211 /* Main.storyboard */; };
		DB24CA331D6C7DFD0001B211 /* Assets.xcassets in Resources */ = {isa = PBXBuildFile; fileRef = DB24CA321D6C7DFD0001B211 /* Assets.xcassets */; };
		DB24CA361D6C7DFD0001B211 /* LaunchScreen.storyboard in Resources */ = {isa = PBXBuildFile; fileRef = DB24CA341D6C7DFD0001B211 /* LaunchScreen.storyboard */; };
/* End PBXBuildFile section */

/* Begin PBXFileReference section */
		DB24CA281D6C7DFD0001B211 /* ImageSearcher.app */ = {isa = PBXFileReference; explicitFileType = wrapper.application; includeInIndex = 0; path = ImageSearcher.app; sourceTree = BUILT_PRODUCTS_DIR; };
		DB24CA2B1D6C7DFD0001B211 /* AppDelegate.swift */ = {isa = PBXFileReference; lastKnownFileType = sourcecode.swift; path = AppDelegate.swift; sourceTree = "<group>"; };
		DB24CA2D1D6C7DFD0001B211 /* ViewController.swift */ = {isa = PBXFileReference; lastKnownFileType = sourcecode.swift; path = ViewController.swift; sourceTree = "<group>"; };
		DB24CA301D6C7DFD0001B211 /* Base */ = {isa = PBXFileReference; lastKnownFileType = file.storyboard; name = Base; path = Base.lproj/Main.storyboard; sourceTree = "<group>"; };
		DB24CA321D6C7DFD0001B211 /* Assets.xcassets */ = {isa = PBXFileReference; lastKnownFileType = folder.assetcatalog; path = Assets.xcassets; sourceTree = "<group>"; };
		DB24CA351D6C7DFD0001B211 /* Base */ = {isa = PBXFileReference; lastKnownFileType = file.storyboard; name = Base; path = Base.lproj/LaunchScreen.storyboard; sourceTree = "<group>"; };
		DB24CA371D6C7DFD0001B211 /* Info.plist */ = {isa = PBXFileReference; lastKnownFileType = text.plist.xml; path = Info.plist; sourceTree = "<group>"; };
/* End PBXFileReference section */

/* Begin PBXFrameworksBuildPhase section */
		DB24CA251D6C7DFD0001B211 /* Frameworks */ = {
			isa = PBXFrameworksBuildPhase;
			buildActionMask = 2147483647;
			files = (
			);
			runOnlyForDeploymentPostprocessing = 0;
		};
/* End PBXFrameworksBuildPhase section */

/* Begin PBXGroup section */
		DB24CA1F1D6C7DFD0001B211 = {
			isa = PBXGroup;
			children = (
				DB24CA2A1D6C7DFD0001B211 /* ImageSearcher */,
				DB24CA291D6C7DFD0001B211 /* Products */,
			);
			sourceTree = "<group>";
		};
		DB24CA291D6C7DFD0001B211 /* Products */ = {
			isa = PBXGroup;
			children = (
				DB24CA281D6C7DFD0001B211 /* ImageSearcher.app */,
			);
			name = Products;
			sourceTree = "<group>";
		};
		DB24CA2A1D6C7DFD0001B211 /* ImageSearcher */ = {
			isa = PBXGroup;
			children = (
				DB24CA2B1D6C7DFD0001B211 /* AppDelegate.swift */,
				DB24CA2D1D6C7DFD0001B211 /* ViewController.swift */,
				DB24CA2F1D6C7DFD0001B211 /* Main.storyboard */,
				DB24CA321D6C7DFD0001B211 /* Assets.xcassets */,
				DB24CA341D6C7DFD0001B211 /* LaunchScreen.storyboard */,
				DB24CA371D6C7DFD0001B211 /* Info.plist */,
			);
			path = ImageSearcher;
			sourceTree = "<group>";
		};
/* End PBXGroup section */

/* Begin PBXNativeTarget section */
		DB24CA271D6C7DFD0001B211 /* ImageSearcher */ = {
			isa = PBXNativeTarget;
			buildConfigurationList = DB24CA3A1D6C7DFD0001B211 /* Build configuration list for PBXNativeTarget "ImageSearcher" */;
			buildPhases = (
				DB24CA241D6C7DFD0001B211 /* Sources */,
				DB24CA251D6C7DFD0001B211 /* Frameworks */,
				DB24CA261D6C7DFD0001B211 /* Resources */,
			);
			buildRules = (
			);
			dependencies = (
			);
			name = ImageSearcher;
			productName = ImageSearcher;
			productReference = DB24CA281D6C7DFD0001B211 /* ImageSearcher.app */;
			productType = "com.apple.product-type.application";
		};
/* End PBXNativeTarget section */

/* Begin PBXProject section */
		DB24CA201D6C7DFD0001B211 /* Project object */ = {
			isa = PBXProject;
			attributes = {
				LastSwiftUpdateCheck = 0730;
				LastUpgradeCheck = 0730;
				ORGANIZATIONNAME = Levi;
				TargetAttributes = {
					DB24CA271D6C7DFD0001B211 = {
						CreatedOnToolsVersion = 7.3.1;
						DevelopmentTeam = MXAK6NMK6U;
					};
				};
			};
			buildConfigurationList = DB24CA231D6C7DFD0001B211 /* Build configuration list for PBXProject "ImageSearcher" */;
			compatibilityVersion = "Xcode 3.2";
			developmentRegion = English;
			hasScannedForEncodings = 0;
			knownRegions = (
				en,
				Base,
			);
			mainGroup = DB24CA1F1D6C7DFD0001B211;
			productRefGroup = DB24CA291D6C7DFD0001B211 /* Products */;
			projectDirPath = "";
			projectRoot = "";
			targets = (
				DB24CA271D6C7DFD0001B211 /* ImageSearcher */,
			);
		};
/* End PBXProject section */

/* Begin PBXResourcesBuildPhase section */
		DB24CA261D6C7DFD0001B211 /* Resources */ = {
			isa = PBXResourcesBuildPhase;
			buildActionMask = 2147483647;
			files = (
				DB24CA361D6C7DFD0001B211 /* LaunchScreen.storyboard in Resources */,
				DB24CA331D6C7DFD0001B211 /* Assets.xcassets in Resources */,
				DB24CA311D6C7DFD0001B211 /* Main.storyboard in Resources */,
			);
			runOnlyForDeploymentPostprocessing = 0;
		};
/* End PBXResourcesBuildPhase section */

/* Begin PBXSourcesBuildPhase section */
		DB24CA241D6C7DFD0001B211 /* Sources */ = {
			isa = PBXSourcesBuildPhase;
			buildActionMask = 2147483647;
			files = (
				DB24CA2E1D6C7DFD0001B211 /* ViewController.swift in Sources */,
				DB24CA2C1D6C7DFD0001B211 /* AppDelegate.swift in Sources */,
			);
			runOnlyForDeploymentPostprocessing = 0;
		};
/* End PBXSourcesBuildPhase section */

/* Begin PBXVariantGroup section */
		DB24CA2F1D6C7DFD0001B211 /* Main.storyboard */ = {
			isa = PBXVariantGroup;
			children = (
				DB24CA301D6C7DFD0001B211 /* Base */,
			);
			name = Main.storyboard;
			sourceTree = "<group>";
		};
		DB24CA341D6C7DFD0001B211 /* LaunchScreen.storyboard */ = {
			isa = PBXVariantGroup;
			children = (
				DB24CA351D6C7DFD0001B211 /* Base */,
			);
			name = LaunchScreen.storyboard;
			sourceTree = "<group>";
		};
/* End PBXVariantGroup section */

/* Begin XCBuildConfiguration section */
		DB24CA381D6C7DFD0001B211 /* Debug */ = {
			isa = XCBuildConfiguration;
			buildSettings = {
				ALWAYS_SEARCH_USER_PATHS = NO;
				CLANG_ANALYZER_NONNULL = YES;
				CLANG_CXX_LANGUAGE_STANDARD = "gnu++0x";
				CLANG_CXX_LIBRARY = "libc++";
				CLANG_ENABLE_MODULES = YES;
				CLANG_ENABLE_OBJC_ARC = YES;
				CLANG_WARN_BOOL_CONVERSION = YES;
				CLANG_WARN_CONSTANT_CONVERSION = YES;
				CLANG_WARN_DIRECT_OBJC_ISA_USAGE = YES_ERROR;
				CLANG_WARN_EMPTY_BODY = YES;
				CLANG_WARN_ENUM_CONVERSION = YES;
				CLANG_WARN_INT_CONVERSION = YES;
				CLANG_WARN_OBJC_ROOT_CLASS = YES_ERROR;
				CLANG_WARN_UNREACHABLE_CODE = YES;
				CLANG_WARN__DUPLICATE_METHOD_MATCH = YES;
				"CODE_SIGN_IDENTITY[sdk=iphoneos*]" = "iPhone Developer";
				COPY_PHASE_STRIP = NO;
				DEBUG_INFORMATION_FORMAT = dwarf;
				ENABLE_STRICT_OBJC_MSGSEND = YES;
				ENABLE_TESTABILITY = YES;
				GCC_C_LANGUAGE_STANDARD = gnu99;
				GCC_DYNAMIC_NO_PIC = NO;
				GCC_NO_COMMON_BLOCKS = YES;
				GCC_OPTIMIZATION_LEVEL = 0;
				GCC_PREPROCESSOR_DEFINITIONS = (
					"DEBUG=1",
					"$(inherited)",
				);
				GCC_WARN_64_TO_32_BIT_CONVERSION = YES;
				GCC_WARN_ABOUT_RETURN_TYPE = YES_ERROR;
				GCC_WARN_UNDECLARED_SELECTOR = YES;
				GCC_WARN_UNINITIALIZED_AUTOS = YES_AGGRESSIVE;
				GCC_WARN_UNUSED_FUNCTION = YES;
				GCC_WARN_UNUSED_VARIABLE = YES;
				IPHONEOS_DEPLOYMENT_TARGET = 9.3;
				MTL_ENABLE_DEBUG_INFO = YES;
				ONLY_ACTIVE_ARCH = YES;
				SDKROOT = iphoneos;
				SWIFT_OPTIMIZATION_LEVEL = "-Onone";
			};
			name = Debug;
		};
		DB24CA391D6C7DFD0001B211 /* Release */ = {
			isa = XCBuildConfiguration;
			buildSettings = {
				ALWAYS_SEARCH_USER_PATHS = NO;
				CLANG_ANALYZER_NONNULL = YES;
				CLANG_CXX_LANGUAGE_STANDARD = "gnu++0x";
				CLANG_CXX_LIBRARY = "libc++";
				CLANG_ENABLE_MODULES = YES;
				CLANG_ENABLE_OBJC_ARC = YES;
				CLANG_WARN_BOOL_CONVERSION = YES;
				CLANG_WARN_CONSTANT_CONVERSION = YES;
				CLANG_WARN_DIRECT_OBJC_ISA_USAGE = YES_ERROR;
				CLANG_WARN_EMPTY_BODY = YES;
				CLANG_WARN_ENUM_CONVERSION = YES;
				CLANG_WARN_INT_CONVERSION = YES;
				CLANG_WARN_OBJC_ROOT_CLASS = YES_ERROR;
				CLANG_WARN_UNREACHABLE_CODE = YES;
				CLANG_WARN__DUPLICATE_METHOD_MATCH = YES;
				"CODE_SIGN_IDENTITY[sdk=iphoneos*]" = "iPhone Developer";
				COPY_PHASE_STRIP = NO;
				DEBUG_INFORMATION_FORMAT = "dwarf-with-dsym";
				ENABLE_NS_ASSERTIONS = NO;
				ENABLE_STRICT_OBJC_MSGSEND = YES;
				GCC_C_LANGUAGE_STANDARD = gnu99;
				GCC_NO_COMMON_BLOCKS = YES;
				GCC_WARN_64_TO_32_BIT_CONVERSION = YES;
				GCC_WARN_ABOUT_RETURN_TYPE = YES_ERROR;
				GCC_WARN_UNDECLARED_SELECTOR = YES;
				GCC_WARN_UNINITIALIZED_AUTOS = YES_AGGRESSIVE;
				GCC_WARN_UNUSED_FUNCTION = YES;
				GCC_WARN_UNUSED_VARIABLE = YES;
				IPHONEOS_DEPLOYMENT_TARGET = 9.3;
				MTL_ENABLE_DEBUG_INFO = NO;
				SDKROOT = iphoneos;
				VALIDATE_PRODUCT = YES;
			};
			name = Release;
		};
		DB24CA3B1D6C7DFD0001B211 /* Debug */ = {
			isa = XCBuildConfiguration;
			buildSettings = {
				ASSETCATALOG_COMPILER_APPICON_NAME = AppIcon;
				INFOPLIST_FILE = ImageSearcher/Info.plist;
				LD_RUNPATH_SEARCH_PATHS = "$(inherited) @executable_path/Frameworks";
				PRODUCT_BUNDLE_IDENTIFIER = Ant.ImageSearcher;
				PRODUCT_NAME = "$(TARGET_NAME)";
			};
			name = Debug;
		};
		DB24CA3C1D6C7DFD0001B211 /* Release */ = {
			isa = XCBuildConfiguration;
			buildSettings = {
				ASSETCATALOG_COMPILER_APPICON_NAME = AppIcon;
				INFOPLIST_FILE = ImageSearcher/Info.plist;
				LD_RUNPATH_SEARCH_PATHS = "$(inherited) @executable_path/Frameworks";
				PRODUCT_BUNDLE_IDENTIFIER = Ant.ImageSearcher;
				PRODUCT_NAME = "$(TARGET_NAME)";
			};
			name = Release;
		};
/* End XCBuildConfiguration section */

/* Begin XCConfigurationList section */
		DB24CA231D6C7DFD0001B211 /* Build configuration list for PBXProject "ImageSearcher" */ = {
			isa = XCConfigurationList;
			buildConfigurations = (
				DB24CA381D6C7DFD0001B211 /* Debug */,
				DB24CA391D6C7DFD0001B211 /* Release */,
			);
			defaultConfigurationIsVisible = 0;
			defaultConfigurationName = Release;
		};
		DB24CA3A1D6C7DFD0001B211 /* Build configuration list for PBXNativeTarget "ImageSearcher" */ = {
			isa = XCConfigurationList;
			buildConfigurations = (
				DB24CA3B1D6C7DFD0001B211 /* Debug */,
				DB24CA3C1D6C7DFD0001B211 /* Release */,
			);
			defaultConfigurationIsVisible = 0;
		};
/* End XCConfigurationList section */
	};
	rootObject = DB24CA201D6C7DFD0001B211 /* Project object */;
}
